// !$*UTF8*$!
{
	archiveVersion = 1;
	classes = {
	};
	objectVersion = 56;
	objects = {

/* Begin PBXBuildFile section */
		943615532BB0F65800463502 /* RealLocationModel.swift in Sources */ = {isa = PBXBuildFile; fileRef = 943615522BB0F65800463502 /* RealLocationModel.swift */; };
		943615552BB0F66500463502 /* SearchLocationModel.swift in Sources */ = {isa = PBXBuildFile; fileRef = 943615542BB0F66500463502 /* SearchLocationModel.swift */; };
		9454868E2BAA294C00B0FF64 /* AppDelegate.swift in Sources */ = {isa = PBXBuildFile; fileRef = 9454868D2BAA294C00B0FF64 /* AppDelegate.swift */; };
		945486902BAA294C00B0FF64 /* SceneDelegate.swift in Sources */ = {isa = PBXBuildFile; fileRef = 9454868F2BAA294C00B0FF64 /* SceneDelegate.swift */; };
		945486972BAA294D00B0FF64 /* Assets.xcassets in Resources */ = {isa = PBXBuildFile; fileRef = 945486962BAA294D00B0FF64 /* Assets.xcassets */; };
		9454869A2BAA294D00B0FF64 /* Base in Resources */ = {isa = PBXBuildFile; fileRef = 945486992BAA294D00B0FF64 /* Base */; };
		945486A52BAA294D00B0FF64 /* WeatherAppTests.swift in Sources */ = {isa = PBXBuildFile; fileRef = 945486A42BAA294D00B0FF64 /* WeatherAppTests.swift */; };
		945486C42BAAE6CD00B0FF64 /* ForecastModel.swift in Sources */ = {isa = PBXBuildFile; fileRef = 945486C32BAAE6CD00B0FF64 /* ForecastModel.swift */; };
		945486C82BAAE71C00B0FF64 /* ForecastProtocol.swift in Sources */ = {isa = PBXBuildFile; fileRef = 945486C72BAAE71C00B0FF64 /* ForecastProtocol.swift */; };
		945486CB2BAAE74F00B0FF64 /* OpenWeatherForecast.swift in Sources */ = {isa = PBXBuildFile; fileRef = 945486CA2BAAE74F00B0FF64 /* OpenWeatherForecast.swift */; };
		945486D02BAAE7EA00B0FF64 /* MainVC.swift in Sources */ = {isa = PBXBuildFile; fileRef = 945486CF2BAAE7EA00B0FF64 /* MainVC.swift */; };
		945486D22BAAE7F300B0FF64 /* SearchVC.swift in Sources */ = {isa = PBXBuildFile; fileRef = 945486D12BAAE7F300B0FF64 /* SearchVC.swift */; };
		945486D42BAAE7FF00B0FF64 /* SettingsVC.swift in Sources */ = {isa = PBXBuildFile; fileRef = 945486D32BAAE7FF00B0FF64 /* SettingsVC.swift */; };
		945486D62BAAE87100B0FF64 /* Interactor.swift in Sources */ = {isa = PBXBuildFile; fileRef = 945486D52BAAE87100B0FF64 /* Interactor.swift */; };
		945DFDDF2BAC9CE10085856C /* LocationModelProtocol.swift in Sources */ = {isa = PBXBuildFile; fileRef = 945DFDDE2BAC9CE10085856C /* LocationModelProtocol.swift */; };
		945DFDE22BACD9380085856C /* Inter.ttc in Resources */ = {isa = PBXBuildFile; fileRef = 945DFDE12BACD9380085856C /* Inter.ttc */; };
		945DFDE52BAD67570085856C /* Component4.swift in Sources */ = {isa = PBXBuildFile; fileRef = 945DFDE42BAD67570085856C /* Component4.swift */; };
		945DFDE72BAE15A80085856C /* HeadComponents.swift in Sources */ = {isa = PBXBuildFile; fileRef = 945DFDE62BAE15A80085856C /* HeadComponents.swift */; };
		945DFDE92BAE15F60085856C /* BadgeItemComponent4.swift in Sources */ = {isa = PBXBuildFile; fileRef = 945DFDE82BAE15F60085856C /* BadgeItemComponent4.swift */; };
		945DFDEB2BAE162E0085856C /* CentralComponents.swift in Sources */ = {isa = PBXBuildFile; fileRef = 945DFDEA2BAE162E0085856C /* CentralComponents.swift */; };
		945DFDED2BAE2CCE0085856C /* CalendarComponent4.swift in Sources */ = {isa = PBXBuildFile; fileRef = 945DFDEC2BAE2CCE0085856C /* CalendarComponent4.swift */; };
		945DFDF12BAF153E0085856C /* ChartComponent4.swift in Sources */ = {isa = PBXBuildFile; fileRef = 945DFDF02BAF153E0085856C /* ChartComponent4.swift */; };
		945DFDF42BB023C80085856C /* CacheStorage.swift in Sources */ = {isa = PBXBuildFile; fileRef = 945DFDF32BB023C70085856C /* CacheStorage.swift */; };
		945DFDF72BB0313A0085856C /* CacheStorageModel.xcdatamodeld in Sources */ = {isa = PBXBuildFile; fileRef = 945DFDF52BB0313A0085856C /* CacheStorageModel.xcdatamodeld */; };
/* End PBXBuildFile section */

/* Begin PBXContainerItemProxy section */
		945486A12BAA294D00B0FF64 /* PBXContainerItemProxy */ = {
			isa = PBXContainerItemProxy;
			containerPortal = 945486822BAA294C00B0FF64 /* Project object */;
			proxyType = 1;
			remoteGlobalIDString = 945486892BAA294C00B0FF64;
			remoteInfo = WeatherApp;
		};
/* End PBXContainerItemProxy section */

/* Begin PBXFileReference section */
		943615522BB0F65800463502 /* RealLocationModel.swift */ = {isa = PBXFileReference; lastKnownFileType = sourcecode.swift; path = RealLocationModel.swift; sourceTree = "<group>"; };
		943615542BB0F66500463502 /* SearchLocationModel.swift */ = {isa = PBXFileReference; lastKnownFileType = sourcecode.swift; path = SearchLocationModel.swift; sourceTree = "<group>"; };
		9454868A2BAA294C00B0FF64 /* WeatherApp.app */ = {isa = PBXFileReference; explicitFileType = wrapper.application; includeInIndex = 0; path = WeatherApp.app; sourceTree = BUILT_PRODUCTS_DIR; };
		9454868D2BAA294C00B0FF64 /* AppDelegate.swift */ = {isa = PBXFileReference; lastKnownFileType = sourcecode.swift; path = AppDelegate.swift; sourceTree = "<group>"; };
		9454868F2BAA294C00B0FF64 /* SceneDelegate.swift */ = {isa = PBXFileReference; lastKnownFileType = sourcecode.swift; path = SceneDelegate.swift; sourceTree = "<group>"; };
		945486962BAA294D00B0FF64 /* Assets.xcassets */ = {isa = PBXFileReference; lastKnownFileType = folder.assetcatalog; path = Assets.xcassets; sourceTree = "<group>"; };
		945486992BAA294D00B0FF64 /* Base */ = {isa = PBXFileReference; lastKnownFileType = file.storyboard; name = Base; path = Base.lproj/LaunchScreen.storyboard; sourceTree = "<group>"; };
		9454869B2BAA294D00B0FF64 /* Info.plist */ = {isa = PBXFileReference; lastKnownFileType = text.plist.xml; path = Info.plist; sourceTree = "<group>"; };
		945486A02BAA294D00B0FF64 /* WeatherAppTests.xctest */ = {isa = PBXFileReference; explicitFileType = wrapper.cfbundle; includeInIndex = 0; path = WeatherAppTests.xctest; sourceTree = BUILT_PRODUCTS_DIR; };
		945486A42BAA294D00B0FF64 /* WeatherAppTests.swift */ = {isa = PBXFileReference; lastKnownFileType = sourcecode.swift; path = WeatherAppTests.swift; sourceTree = "<group>"; };
		945486C32BAAE6CD00B0FF64 /* ForecastModel.swift */ = {isa = PBXFileReference; lastKnownFileType = sourcecode.swift; path = ForecastModel.swift; sourceTree = "<group>"; };
		945486C72BAAE71C00B0FF64 /* ForecastProtocol.swift */ = {isa = PBXFileReference; lastKnownFileType = sourcecode.swift; path = ForecastProtocol.swift; sourceTree = "<group>"; };
		945486CA2BAAE74F00B0FF64 /* OpenWeatherForecast.swift */ = {isa = PBXFileReference; lastKnownFileType = sourcecode.swift; path = OpenWeatherForecast.swift; sourceTree = "<group>"; };
		945486CF2BAAE7EA00B0FF64 /* MainVC.swift */ = {isa = PBXFileReference; lastKnownFileType = sourcecode.swift; path = MainVC.swift; sourceTree = "<group>"; };
		945486D12BAAE7F300B0FF64 /* SearchVC.swift */ = {isa = PBXFileReference; lastKnownFileType = sourcecode.swift; path = SearchVC.swift; sourceTree = "<group>"; };
		945486D32BAAE7FF00B0FF64 /* SettingsVC.swift */ = {isa = PBXFileReference; lastKnownFileType = sourcecode.swift; path = SettingsVC.swift; sourceTree = "<group>"; };
		945486D52BAAE87100B0FF64 /* Interactor.swift */ = {isa = PBXFileReference; lastKnownFileType = sourcecode.swift; path = Interactor.swift; sourceTree = "<group>"; };
		945DFDDE2BAC9CE10085856C /* LocationModelProtocol.swift */ = {isa = PBXFileReference; lastKnownFileType = sourcecode.swift; path = LocationModelProtocol.swift; sourceTree = "<group>"; };
		945DFDE12BACD9380085856C /* Inter.ttc */ = {isa = PBXFileReference; lastKnownFileType = file; path = Inter.ttc; sourceTree = "<group>"; };
		945DFDE42BAD67570085856C /* Component4.swift */ = {isa = PBXFileReference; lastKnownFileType = sourcecode.swift; path = Component4.swift; sourceTree = "<group>"; };
		945DFDE62BAE15A80085856C /* HeadComponents.swift */ = {isa = PBXFileReference; lastKnownFileType = sourcecode.swift; path = HeadComponents.swift; sourceTree = "<group>"; };
		945DFDE82BAE15F60085856C /* BadgeItemComponent4.swift */ = {isa = PBXFileReference; lastKnownFileType = sourcecode.swift; path = BadgeItemComponent4.swift; sourceTree = "<group>"; };
		945DFDEA2BAE162E0085856C /* CentralComponents.swift */ = {isa = PBXFileReference; lastKnownFileType = sourcecode.swift; path = CentralComponents.swift; sourceTree = "<group>"; };
		945DFDEC2BAE2CCE0085856C /* CalendarComponent4.swift */ = {isa = PBXFileReference; lastKnownFileType = sourcecode.swift; path = CalendarComponent4.swift; sourceTree = "<group>"; };
		945DFDF02BAF153E0085856C /* ChartComponent4.swift */ = {isa = PBXFileReference; lastKnownFileType = sourcecode.swift; path = ChartComponent4.swift; sourceTree = "<group>"; };
		945DFDF32BB023C70085856C /* CacheStorage.swift */ = {isa = PBXFileReference; lastKnownFileType = sourcecode.swift; path = CacheStorage.swift; sourceTree = "<group>"; };
		945DFDF62BB0313A0085856C /* CoreDataModel.xcdatamodel */ = {isa = PBXFileReference; lastKnownFileType = wrapper.xcdatamodel; path = CoreDataModel.xcdatamodel; sourceTree = "<group>"; };
/* End PBXFileReference section */

/* Begin PBXFrameworksBuildPhase section */
		945486872BAA294C00B0FF64 /* Frameworks */ = {
			isa = PBXFrameworksBuildPhase;
			buildActionMask = 2147483647;
			files = (
			);
			runOnlyForDeploymentPostprocessing = 0;
		};
		9454869D2BAA294D00B0FF64 /* Frameworks */ = {
			isa = PBXFrameworksBuildPhase;
			buildActionMask = 2147483647;
			files = (
			);
			runOnlyForDeploymentPostprocessing = 0;
		};
/* End PBXFrameworksBuildPhase section */

/* Begin PBXGroup section */
		945486812BAA294C00B0FF64 = {
			isa = PBXGroup;
			children = (
				9454868C2BAA294C00B0FF64 /* WeatherApp */,
				945486A32BAA294D00B0FF64 /* WeatherAppTests */,
				9454868B2BAA294C00B0FF64 /* Products */,
			);
			sourceTree = "<group>";
		};
		9454868B2BAA294C00B0FF64 /* Products */ = {
			isa = PBXGroup;
			children = (
				9454868A2BAA294C00B0FF64 /* WeatherApp.app */,
				945486A02BAA294D00B0FF64 /* WeatherAppTests.xctest */,
			);
			name = Products;
			sourceTree = "<group>";
		};
		9454868C2BAA294C00B0FF64 /* WeatherApp */ = {
			isa = PBXGroup;
			children = (
				945486C52BAAE6DF00B0FF64 /* Services */,
				945486D52BAAE87100B0FF64 /* Interactor.swift */,
				945486C22BAAE26C00B0FF64 /* Models */,
				945486BD2BAA29EA00B0FF64 /* Controllers */,
				945DFDE32BAD67390085856C /* Views */,
				945DFDE02BACD8FC0085856C /* Fonts */,
				9454868D2BAA294C00B0FF64 /* AppDelegate.swift */,
				9454868F2BAA294C00B0FF64 /* SceneDelegate.swift */,
				945486962BAA294D00B0FF64 /* Assets.xcassets */,
				945486982BAA294D00B0FF64 /* LaunchScreen.storyboard */,
				9454869B2BAA294D00B0FF64 /* Info.plist */,
			);
			path = WeatherApp;
			sourceTree = "<group>";
		};
		945486A32BAA294D00B0FF64 /* WeatherAppTests */ = {
			isa = PBXGroup;
			children = (
				945486A42BAA294D00B0FF64 /* WeatherAppTests.swift */,
			);
			path = WeatherAppTests;
			sourceTree = "<group>";
		};
		945486BD2BAA29EA00B0FF64 /* Controllers */ = {
			isa = PBXGroup;
			children = (
				945486CF2BAAE7EA00B0FF64 /* MainVC.swift */,
				945486D12BAAE7F300B0FF64 /* SearchVC.swift */,
				945486D32BAAE7FF00B0FF64 /* SettingsVC.swift */,
			);
			path = Controllers;
			sourceTree = "<group>";
		};
		945486C22BAAE26C00B0FF64 /* Models */ = {
			isa = PBXGroup;
			children = (
				945486C32BAAE6CD00B0FF64 /* ForecastModel.swift */,
				945DFDDE2BAC9CE10085856C /* LocationModelProtocol.swift */,
				943615522BB0F65800463502 /* RealLocationModel.swift */,
				943615542BB0F66500463502 /* SearchLocationModel.swift */,
			);
			path = Models;
			sourceTree = "<group>";
		};
		945486C52BAAE6DF00B0FF64 /* Services */ = {
			isa = PBXGroup;
			children = (
				945DFDF22BB023B90085856C /* CacheStorage */,
				945486C62BAAE6F500B0FF64 /* Forecast */,
			);
			path = Services;
			sourceTree = "<group>";
		};
		945486C62BAAE6F500B0FF64 /* Forecast */ = {
			isa = PBXGroup;
			children = (
				945486C92BAAE72700B0FF64 /* OpenWeather */,
				945486C72BAAE71C00B0FF64 /* ForecastProtocol.swift */,
			);
			path = Forecast;
			sourceTree = "<group>";
		};
		945486C92BAAE72700B0FF64 /* OpenWeather */ = {
			isa = PBXGroup;
			children = (
				945486CA2BAAE74F00B0FF64 /* OpenWeatherForecast.swift */,
			);
			path = OpenWeather;
			sourceTree = "<group>";
		};
		945DFDE02BACD8FC0085856C /* Fonts */ = {
			isa = PBXGroup;
			children = (
				945DFDE12BACD9380085856C /* Inter.ttc */,
			);
			path = Fonts;
			sourceTree = "<group>";
		};
		945DFDE32BAD67390085856C /* Views */ = {
			isa = PBXGroup;
			children = (
				945DFDE42BAD67570085856C /* Component4.swift */,
				945DFDE62BAE15A80085856C /* HeadComponents.swift */,
				945DFDE82BAE15F60085856C /* BadgeItemComponent4.swift */,
				945DFDEA2BAE162E0085856C /* CentralComponents.swift */,
				945DFDEC2BAE2CCE0085856C /* CalendarComponent4.swift */,
				945DFDF02BAF153E0085856C /* ChartComponent4.swift */,
			);
			path = Views;
			sourceTree = "<group>";
		};
		945DFDF22BB023B90085856C /* CacheStorage */ = {
			isa = PBXGroup;
			children = (
				945DFDF52BB0313A0085856C /* CacheStorageModel.xcdatamodeld */,
				945DFDF32BB023C70085856C /* CacheStorage.swift */,
			);
			path = CacheStorage;
			sourceTree = "<group>";
		};
/* End PBXGroup section */

/* Begin PBXNativeTarget section */
		945486892BAA294C00B0FF64 /* WeatherApp */ = {
			isa = PBXNativeTarget;
			buildConfigurationList = 945486B42BAA294D00B0FF64 /* Build configuration list for PBXNativeTarget "WeatherApp" */;
			buildPhases = (
				945486862BAA294C00B0FF64 /* Sources */,
				945486872BAA294C00B0FF64 /* Frameworks */,
				945486882BAA294C00B0FF64 /* Resources */,
			);
			buildRules = (
			);
			dependencies = (
			);
			name = WeatherApp;
			productName = WeatherApp;
			productReference = 9454868A2BAA294C00B0FF64 /* WeatherApp.app */;
			productType = "com.apple.product-type.application";
		};
		9454869F2BAA294D00B0FF64 /* WeatherAppTests */ = {
			isa = PBXNativeTarget;
			buildConfigurationList = 945486B72BAA294D00B0FF64 /* Build configuration list for PBXNativeTarget "WeatherAppTests" */;
			buildPhases = (
				9454869C2BAA294D00B0FF64 /* Sources */,
				9454869D2BAA294D00B0FF64 /* Frameworks */,
				9454869E2BAA294D00B0FF64 /* Resources */,
			);
			buildRules = (
			);
			dependencies = (
				945486A22BAA294D00B0FF64 /* PBXTargetDependency */,
			);
			name = WeatherAppTests;
			productName = WeatherAppTests;
			productReference = 945486A02BAA294D00B0FF64 /* WeatherAppTests.xctest */;
			productType = "com.apple.product-type.bundle.unit-test";
		};
/* End PBXNativeTarget section */

/* Begin PBXProject section */
		945486822BAA294C00B0FF64 /* Project object */ = {
			isa = PBXProject;
			attributes = {
				BuildIndependentTargetsInParallel = 1;
				LastSwiftUpdateCheck = 1530;
				LastUpgradeCheck = 1530;
				TargetAttributes = {
					945486892BAA294C00B0FF64 = {
						CreatedOnToolsVersion = 15.3;
					};
					9454869F2BAA294D00B0FF64 = {
						CreatedOnToolsVersion = 15.3;
						TestTargetID = 945486892BAA294C00B0FF64;
					};
				};
			};
			buildConfigurationList = 945486852BAA294C00B0FF64 /* Build configuration list for PBXProject "WeatherApp" */;
			compatibilityVersion = "Xcode 14.0";
			developmentRegion = en;
			hasScannedForEncodings = 0;
			knownRegions = (
				en,
				Base,
			);
			mainGroup = 945486812BAA294C00B0FF64;
			productRefGroup = 9454868B2BAA294C00B0FF64 /* Products */;
			projectDirPath = "";
			projectRoot = "";
			targets = (
				945486892BAA294C00B0FF64 /* WeatherApp */,
				9454869F2BAA294D00B0FF64 /* WeatherAppTests */,
			);
		};
/* End PBXProject section */

/* Begin PBXResourcesBuildPhase section */
		945486882BAA294C00B0FF64 /* Resources */ = {
			isa = PBXResourcesBuildPhase;
			buildActionMask = 2147483647;
			files = (
				945DFDE22BACD9380085856C /* Inter.ttc in Resources */,
				945486972BAA294D00B0FF64 /* Assets.xcassets in Resources */,
				9454869A2BAA294D00B0FF64 /* Base in Resources */,
			);
			runOnlyForDeploymentPostprocessing = 0;
		};
		9454869E2BAA294D00B0FF64 /* Resources */ = {
			isa = PBXResourcesBuildPhase;
			buildActionMask = 2147483647;
			files = (
			);
			runOnlyForDeploymentPostprocessing = 0;
		};
/* End PBXResourcesBuildPhase section */

/* Begin PBXSourcesBuildPhase section */
		945486862BAA294C00B0FF64 /* Sources */ = {
			isa = PBXSourcesBuildPhase;
			buildActionMask = 2147483647;
			files = (
				945DFDE52BAD67570085856C /* Component4.swift in Sources */,
				945DFDEB2BAE162E0085856C /* CentralComponents.swift in Sources */,
				945486C82BAAE71C00B0FF64 /* ForecastProtocol.swift in Sources */,
				945486D22BAAE7F300B0FF64 /* SearchVC.swift in Sources */,
				945DFDE92BAE15F60085856C /* BadgeItemComponent4.swift in Sources */,
				945486D02BAAE7EA00B0FF64 /* MainVC.swift in Sources */,
				945DFDE72BAE15A80085856C /* HeadComponents.swift in Sources */,
				945DFDDF2BAC9CE10085856C /* LocationModelProtocol.swift in Sources */,
				945486D42BAAE7FF00B0FF64 /* SettingsVC.swift in Sources */,
				945DFDF42BB023C80085856C /* CacheStorage.swift in Sources */,
				945486D62BAAE87100B0FF64 /* Interactor.swift in Sources */,
				943615532BB0F65800463502 /* RealLocationModel.swift in Sources */,
				943615552BB0F66500463502 /* SearchLocationModel.swift in Sources */,
				9454868E2BAA294C00B0FF64 /* AppDelegate.swift in Sources */,
				945DFDF72BB0313A0085856C /* CacheStorageModel.xcdatamodeld in Sources */,
				945486CB2BAAE74F00B0FF64 /* OpenWeatherForecast.swift in Sources */,
				945DFDF12BAF153E0085856C /* ChartComponent4.swift in Sources */,
				945486C42BAAE6CD00B0FF64 /* ForecastModel.swift in Sources */,
				945DFDED2BAE2CCE0085856C /* CalendarComponent4.swift in Sources */,
				945486902BAA294C00B0FF64 /* SceneDelegate.swift in Sources */,
			);
			runOnlyForDeploymentPostprocessing = 0;
		};
		9454869C2BAA294D00B0FF64 /* Sources */ = {
			isa = PBXSourcesBuildPhase;
			buildActionMask = 2147483647;
			files = (
				945486A52BAA294D00B0FF64 /* WeatherAppTests.swift in Sources */,
			);
			runOnlyForDeploymentPostprocessing = 0;
		};
/* End PBXSourcesBuildPhase section */

/* Begin PBXTargetDependency section */
		945486A22BAA294D00B0FF64 /* PBXTargetDependency */ = {
			isa = PBXTargetDependency;
			target = 945486892BAA294C00B0FF64 /* WeatherApp */;
			targetProxy = 945486A12BAA294D00B0FF64 /* PBXContainerItemProxy */;
		};
/* End PBXTargetDependency section */

/* Begin PBXVariantGroup section */
		945486982BAA294D00B0FF64 /* LaunchScreen.storyboard */ = {
			isa = PBXVariantGroup;
			children = (
				945486992BAA294D00B0FF64 /* Base */,
			);
			name = LaunchScreen.storyboard;
			sourceTree = "<group>";
		};
/* End PBXVariantGroup section */

/* Begin XCBuildConfiguration section */
		945486B22BAA294D00B0FF64 /* Debug */ = {
			isa = XCBuildConfiguration;
			buildSettings = {
				ALWAYS_SEARCH_USER_PATHS = NO;
				ASSETCATALOG_COMPILER_GENERATE_SWIFT_ASSET_SYMBOL_EXTENSIONS = YES;
				CLANG_ANALYZER_NONNULL = YES;
				CLANG_ANALYZER_NUMBER_OBJECT_CONVERSION = YES_AGGRESSIVE;
				CLANG_CXX_LANGUAGE_STANDARD = "gnu++20";
				CLANG_ENABLE_MODULES = YES;
				CLANG_ENABLE_OBJC_ARC = YES;
				CLANG_ENABLE_OBJC_WEAK = YES;
				CLANG_WARN_BLOCK_CAPTURE_AUTORELEASING = YES;
				CLANG_WARN_BOOL_CONVERSION = YES;
				CLANG_WARN_COMMA = YES;
				CLANG_WARN_CONSTANT_CONVERSION = YES;
				CLANG_WARN_DEPRECATED_OBJC_IMPLEMENTATIONS = YES;
				CLANG_WARN_DIRECT_OBJC_ISA_USAGE = YES_ERROR;
				CLANG_WARN_DOCUMENTATION_COMMENTS = YES;
				CLANG_WARN_EMPTY_BODY = YES;
				CLANG_WARN_ENUM_CONVERSION = YES;
				CLANG_WARN_INFINITE_RECURSION = YES;
				CLANG_WARN_INT_CONVERSION = YES;
				CLANG_WARN_NON_LITERAL_NULL_CONVERSION = YES;
				CLANG_WARN_OBJC_IMPLICIT_RETAIN_SELF = YES;
				CLANG_WARN_OBJC_LITERAL_CONVERSION = YES;
				CLANG_WARN_OBJC_ROOT_CLASS = YES_ERROR;
				CLANG_WARN_QUOTED_INCLUDE_IN_FRAMEWORK_HEADER = YES;
				CLANG_WARN_RANGE_LOOP_ANALYSIS = YES;
				CLANG_WARN_STRICT_PROTOTYPES = YES;
				CLANG_WARN_SUSPICIOUS_MOVE = YES;
				CLANG_WARN_UNGUARDED_AVAILABILITY = YES_AGGRESSIVE;
				CLANG_WARN_UNREACHABLE_CODE = YES;
				CLANG_WARN__DUPLICATE_METHOD_MATCH = YES;
				COPY_PHASE_STRIP = NO;
				DEBUG_INFORMATION_FORMAT = dwarf;
				ENABLE_STRICT_OBJC_MSGSEND = YES;
				ENABLE_TESTABILITY = YES;
				ENABLE_USER_SCRIPT_SANDBOXING = YES;
				GCC_C_LANGUAGE_STANDARD = gnu17;
				GCC_DYNAMIC_NO_PIC = NO;
				GCC_NO_COMMON_BLOCKS = YES;
				GCC_OPTIMIZATION_LEVEL = 0;
				GCC_PREPROCESSOR_DEFINITIONS = (
					"DEBUG=1",
					"$(inherited)",
				);
				GCC_WARN_64_TO_32_BIT_CONVERSION = YES;
				GCC_WARN_ABOUT_RETURN_TYPE = YES_ERROR;
				GCC_WARN_UNDECLARED_SELECTOR = YES;
				GCC_WARN_UNINITIALIZED_AUTOS = YES_AGGRESSIVE;
				GCC_WARN_UNUSED_FUNCTION = YES;
				GCC_WARN_UNUSED_VARIABLE = YES;
				IPHONEOS_DEPLOYMENT_TARGET = 17.4;
				LOCALIZATION_PREFERS_STRING_CATALOGS = YES;
				MTL_ENABLE_DEBUG_INFO = INCLUDE_SOURCE;
				MTL_FAST_MATH = YES;
				ONLY_ACTIVE_ARCH = YES;
				OPEN_WEATHER_TOKEN = 3a3bfe81cc3be59f2de09a7308790b91;
				SDKROOT = iphoneos;
				SWIFT_ACTIVE_COMPILATION_CONDITIONS = "DEBUG $(inherited)";
				SWIFT_OPTIMIZATION_LEVEL = "-Onone";
			};
			name = Debug;
		};
		945486B32BAA294D00B0FF64 /* Release */ = {
			isa = XCBuildConfiguration;
			buildSettings = {
				ALWAYS_SEARCH_USER_PATHS = NO;
				ASSETCATALOG_COMPILER_GENERATE_SWIFT_ASSET_SYMBOL_EXTENSIONS = YES;
				CLANG_ANALYZER_NONNULL = YES;
				CLANG_ANALYZER_NUMBER_OBJECT_CONVERSION = YES_AGGRESSIVE;
				CLANG_CXX_LANGUAGE_STANDARD = "gnu++20";
				CLANG_ENABLE_MODULES = YES;
				CLANG_ENABLE_OBJC_ARC = YES;
				CLANG_ENABLE_OBJC_WEAK = YES;
				CLANG_WARN_BLOCK_CAPTURE_AUTORELEASING = YES;
				CLANG_WARN_BOOL_CONVERSION = YES;
				CLANG_WARN_COMMA = YES;
				CLANG_WARN_CONSTANT_CONVERSION = YES;
				CLANG_WARN_DEPRECATED_OBJC_IMPLEMENTATIONS = YES;
				CLANG_WARN_DIRECT_OBJC_ISA_USAGE = YES_ERROR;
				CLANG_WARN_DOCUMENTATION_COMMENTS = YES;
				CLANG_WARN_EMPTY_BODY = YES;
				CLANG_WARN_ENUM_CONVERSION = YES;
				CLANG_WARN_INFINITE_RECURSION = YES;
				CLANG_WARN_INT_CONVERSION = YES;
				CLANG_WARN_NON_LITERAL_NULL_CONVERSION = YES;
				CLANG_WARN_OBJC_IMPLICIT_RETAIN_SELF = YES;
				CLANG_WARN_OBJC_LITERAL_CONVERSION = YES;
				CLANG_WARN_OBJC_ROOT_CLASS = YES_ERROR;
				CLANG_WARN_QUOTED_INCLUDE_IN_FRAMEWORK_HEADER = YES;
				CLANG_WARN_RANGE_LOOP_ANALYSIS = YES;
				CLANG_WARN_STRICT_PROTOTYPES = YES;
				CLANG_WARN_SUSPICIOUS_MOVE = YES;
				CLANG_WARN_UNGUARDED_AVAILABILITY = YES_AGGRESSIVE;
				CLANG_WARN_UNREACHABLE_CODE = YES;
				CLANG_WARN__DUPLICATE_METHOD_MATCH = YES;
				COPY_PHASE_STRIP = NO;
				DEBUG_INFORMATION_FORMAT = "dwarf-with-dsym";
				ENABLE_NS_ASSERTIONS = NO;
				ENABLE_STRICT_OBJC_MSGSEND = YES;
				ENABLE_USER_SCRIPT_SANDBOXING = YES;
				GCC_C_LANGUAGE_STANDARD = gnu17;
				GCC_NO_COMMON_BLOCKS = YES;
				GCC_WARN_64_TO_32_BIT_CONVERSION = YES;
				GCC_WARN_ABOUT_RETURN_TYPE = YES_ERROR;
				GCC_WARN_UNDECLARED_SELECTOR = YES;
				GCC_WARN_UNINITIALIZED_AUTOS = YES_AGGRESSIVE;
				GCC_WARN_UNUSED_FUNCTION = YES;
				GCC_WARN_UNUSED_VARIABLE = YES;
				IPHONEOS_DEPLOYMENT_TARGET = 17.4;
				LOCALIZATION_PREFERS_STRING_CATALOGS = YES;
				MTL_ENABLE_DEBUG_INFO = NO;
				MTL_FAST_MATH = YES;
				OPEN_WEATHER_TOKEN = 3a3bfe81cc3be59f2de09a7308790b91;
				SDKROOT = iphoneos;
				SWIFT_COMPILATION_MODE = wholemodule;
				VALIDATE_PRODUCT = YES;
			};
			name = Release;
		};
		945486B52BAA294D00B0FF64 /* Debug */ = {
			isa = XCBuildConfiguration;
			buildSettings = {
				ASSETCATALOG_COMPILER_APPICON_NAME = AppIcon;
				ASSETCATALOG_COMPILER_GLOBAL_ACCENT_COLOR_NAME = AccentColor;
				CODE_SIGN_STYLE = Automatic;
				CURRENT_PROJECT_VERSION = 1;
				DEVELOPMENT_TEAM = "";
				GENERATE_INFOPLIST_FILE = YES;
				INFOPLIST_FILE = WeatherApp/Info.plist;
				INFOPLIST_KEY_CFBundleDisplayName = Weather;
				INFOPLIST_KEY_LSApplicationCategoryType = "public.app-category.weather";
				INFOPLIST_KEY_UIApplicationSupportsIndirectInputEvents = YES;
				INFOPLIST_KEY_UILaunchStoryboardName = LaunchScreen;
				INFOPLIST_KEY_UISupportedInterfaceOrientations = UIInterfaceOrientationPortrait;
				INFOPLIST_KEY_UISupportedInterfaceOrientations_iPad = "UIInterfaceOrientationLandscapeLeft UIInterfaceOrientationLandscapeRight UIInterfaceOrientationPortrait UIInterfaceOrientationPortraitUpsideDown";
				IPHONEOS_DEPLOYMENT_TARGET = 15.0;
				LD_RUNPATH_SEARCH_PATHS = (
					"$(inherited)",
					"@executable_path/Frameworks",
				);
				MARKETING_VERSION = 1.0;
				PRODUCT_BUNDLE_IDENTIFIER = com.VadimPopov.WeatherApp;
				PRODUCT_NAME = "$(TARGET_NAME)";
				SUPPORTED_PLATFORMS = "iphoneos iphonesimulator";
				SUPPORTS_MACCATALYST = NO;
				SUPPORTS_MAC_DESIGNED_FOR_IPHONE_IPAD = NO;
				SUPPORTS_XR_DESIGNED_FOR_IPHONE_IPAD = NO;
				SWIFT_EMIT_LOC_STRINGS = YES;
				SWIFT_VERSION = 5.0;
				TARGETED_DEVICE_FAMILY = 1;
			};
			name = Debug;
		};
		945486B62BAA294D00B0FF64 /* Release */ = {
			isa = XCBuildConfiguration;
			buildSettings = {
				ASSETCATALOG_COMPILER_APPICON_NAME = AppIcon;
				ASSETCATALOG_COMPILER_GLOBAL_ACCENT_COLOR_NAME = AccentColor;
				CODE_SIGN_STYLE = Automatic;
				CURRENT_PROJECT_VERSION = 1;
				DEVELOPMENT_TEAM = "";
				GENERATE_INFOPLIST_FILE = YES;
				INFOPLIST_FILE = WeatherApp/Info.plist;
				INFOPLIST_KEY_CFBundleDisplayName = Weather;
				INFOPLIST_KEY_LSApplicationCategoryType = "public.app-category.weather";
				INFOPLIST_KEY_UIApplicationSupportsIndirectInputEvents = YES;
				INFOPLIST_KEY_UILaunchStoryboardName = LaunchScreen;
				INFOPLIST_KEY_UISupportedInterfaceOrientations = UIInterfaceOrientationPortrait;
				INFOPLIST_KEY_UISupportedInterfaceOrientations_iPad = "UIInterfaceOrientationLandscapeLeft UIInterfaceOrientationLandscapeRight UIInterfaceOrientationPortrait UIInterfaceOrientationPortraitUpsideDown";
				IPHONEOS_DEPLOYMENT_TARGET = 15.0;
				LD_RUNPATH_SEARCH_PATHS = (
					"$(inherited)",
					"@executable_path/Frameworks",
				);
				MARKETING_VERSION = 1.0;
				PRODUCT_BUNDLE_IDENTIFIER = com.VadimPopov.WeatherApp;
				PRODUCT_NAME = "$(TARGET_NAME)";
				SUPPORTED_PLATFORMS = "iphoneos iphonesimulator";
				SUPPORTS_MACCATALYST = NO;
				SUPPORTS_MAC_DESIGNED_FOR_IPHONE_IPAD = NO;
				SUPPORTS_XR_DESIGNED_FOR_IPHONE_IPAD = NO;
				SWIFT_EMIT_LOC_STRINGS = YES;
				SWIFT_VERSION = 5.0;
				TARGETED_DEVICE_FAMILY = 1;
			};
			name = Release;
		};
		945486B82BAA294D00B0FF64 /* Debug */ = {
			isa = XCBuildConfiguration;
			buildSettings = {
				ALWAYS_EMBED_SWIFT_STANDARD_LIBRARIES = YES;
				BUNDLE_LOADER = "$(TEST_HOST)";
				CODE_SIGN_STYLE = Automatic;
				CURRENT_PROJECT_VERSION = 1;
				DEVELOPMENT_TEAM = Y27S32PB7A;
				GENERATE_INFOPLIST_FILE = YES;
				IPHONEOS_DEPLOYMENT_TARGET = 17.4;
				MARKETING_VERSION = 1.0;
				PRODUCT_BUNDLE_IDENTIFIER = com.VadimPopov.WeatherAppTests;
				PRODUCT_NAME = "$(TARGET_NAME)";
				SWIFT_EMIT_LOC_STRINGS = NO;
				SWIFT_VERSION = 5.0;
				TARGETED_DEVICE_FAMILY = "1,2";
				TEST_HOST = "$(BUILT_PRODUCTS_DIR)/WeatherApp.app/$(BUNDLE_EXECUTABLE_FOLDER_PATH)/WeatherApp";
			};
			name = Debug;
		};
		945486B92BAA294D00B0FF64 /* Release */ = {
			isa = XCBuildConfiguration;
			buildSettings = {
				ALWAYS_EMBED_SWIFT_STANDARD_LIBRARIES = YES;
				BUNDLE_LOADER = "$(TEST_HOST)";
				CODE_SIGN_STYLE = Automatic;
				CURRENT_PROJECT_VERSION = 1;
				DEVELOPMENT_TEAM = Y27S32PB7A;
				GENERATE_INFOPLIST_FILE = YES;
				IPHONEOS_DEPLOYMENT_TARGET = 17.4;
				MARKETING_VERSION = 1.0;
				PRODUCT_BUNDLE_IDENTIFIER = com.VadimPopov.WeatherAppTests;
				PRODUCT_NAME = "$(TARGET_NAME)";
				SWIFT_EMIT_LOC_STRINGS = NO;
				SWIFT_VERSION = 5.0;
				TARGETED_DEVICE_FAMILY = "1,2";
				TEST_HOST = "$(BUILT_PRODUCTS_DIR)/WeatherApp.app/$(BUNDLE_EXECUTABLE_FOLDER_PATH)/WeatherApp";
			};
			name = Release;
		};
/* End XCBuildConfiguration section */

/* Begin XCConfigurationList section */
		945486852BAA294C00B0FF64 /* Build configuration list for PBXProject "WeatherApp" */ = {
			isa = XCConfigurationList;
			buildConfigurations = (
				945486B22BAA294D00B0FF64 /* Debug */,
				945486B32BAA294D00B0FF64 /* Release */,
			);
			defaultConfigurationIsVisible = 0;
			defaultConfigurationName = Release;
		};
		945486B42BAA294D00B0FF64 /* Build configuration list for PBXNativeTarget "WeatherApp" */ = {
			isa = XCConfigurationList;
			buildConfigurations = (
				945486B52BAA294D00B0FF64 /* Debug */,
				945486B62BAA294D00B0FF64 /* Release */,
			);
			defaultConfigurationIsVisible = 0;
			defaultConfigurationName = Release;
		};
		945486B72BAA294D00B0FF64 /* Build configuration list for PBXNativeTarget "WeatherAppTests" */ = {
			isa = XCConfigurationList;
			buildConfigurations = (
				945486B82BAA294D00B0FF64 /* Debug */,
				945486B92BAA294D00B0FF64 /* Release */,
			);
			defaultConfigurationIsVisible = 0;
			defaultConfigurationName = Release;
		};
/* End XCConfigurationList section */

/* Begin XCVersionGroup section */
		945DFDF52BB0313A0085856C /* CacheStorageModel.xcdatamodeld */ = {
			isa = XCVersionGroup;
			children = (
				945DFDF62BB0313A0085856C /* CoreDataModel.xcdatamodel */,
			);
			currentVersion = 945DFDF62BB0313A0085856C /* CoreDataModel.xcdatamodel */;
			path = CacheStorageModel.xcdatamodeld;
			sourceTree = "<group>";
			versionGroupType = wrapper.xcdatamodel;
		};
/* End XCVersionGroup section */
	};
	rootObject = 945486822BAA294C00B0FF64 /* Project object */;
}
